
Microsoft Visual Studio Solution File, Format Version 12.00
# Visual Studio Version 17
VisualStudioVersion = 17.7.34031.279
MinimumVisualStudioVersion = 10.0.40219.1
Project("{FAE04EC0-301F-11D3-BF4B-00C04F79EFBC}") = "Promee_CreateTask", "Promee_CreateTask\Promee_CreateTask.csproj", "{BF80A4C6-86C2-4048-9609-CBBADF4B18FB}"
EndProject
Global
	GlobalSection(SolutionConfigurationPlatforms) = preSolution
		Debug|Any CPU = Debug|Any CPU
		Release|Any CPU = Release|Any CPU
	EndGlobalSection
	GlobalSection(ProjectConfigurationPlatforms) = postSolution
		{BF80A4C6-86C2-4048-9609-CBBADF4B18FB}.Debug|Any CPU.ActiveCfg = Debug|Any CPU
		{BF80A4C6-86C2-4048-9609-CBBADF4B18FB}.Debug|Any CPU.Build.0 = Debug|Any CPU
		{BF80A4C6-86C2-4048-9609-CBBADF4B18FB}.Debug|Any CPU.Deploy.0 = Debug|Any CPU
		{BF80A4C6-86C2-4048-9609-CBBADF4B18FB}.Release|Any CPU.ActiveCfg = Release|Any CPU
		{BF80A4C6-86C2-4048-9609-CBBADF4B18FB}.Release|Any CPU.Build.0 = Release|Any CPU
		{BF80A4C6-86C2-4048-9609-CBBADF4B18FB}.Release|Any CPU.Deploy.0 = Release|Any CPU
	EndGlobalSection
	GlobalSection(SolutionProperties) = preSolution
		HideSolutionNode = FALSE
	EndGlobalSection
	GlobalSection(ExtensibilityGlobals) = postSolution
		SolutionGuid = {A76F1791-8203-4626-BB1E-F5690EB8C277}
	EndGlobalSection
EndGlobal
